
Microsoft Visual Studio Solution File, Format Version 12.00
# Visual Studio Version 17
VisualStudioVersion = 17.13.35818.85 d17.13
MinimumVisualStudioVersion = 10.0.40219.1
Project("{FAE04EC0-301F-11D3-BF4B-00C04F79EFBC}") = "modul6_103022300153", "modul6_103022300153\modul6_103022300153.csproj", "{ACD19A0B-2439-41E0-86C1-E9A7665AC10E}"
EndProject
Global
	GlobalSection(SolutionConfigurationPlatforms) = preSolution
		Debug|Any CPU = Debug|Any CPU
		Release|Any CPU = Release|Any CPU
	EndGlobalSection
	GlobalSection(ProjectConfigurationPlatforms) = postSolution
		{ACD19A0B-2439-41E0-86C1-E9A7665AC10E}.Debug|Any CPU.ActiveCfg = Debug|Any CPU
		{ACD19A0B-2439-41E0-86C1-E9A7665AC10E}.Debug|Any CPU.Build.0 = Debug|Any CPU
		{ACD19A0B-2439-41E0-86C1-E9A7665AC10E}.Release|Any CPU.ActiveCfg = Release|Any CPU
		{ACD19A0B-2439-41E0-86C1-E9A7665AC10E}.Release|Any CPU.Build.0 = Release|Any CPU
	EndGlobalSection
	GlobalSection(SolutionProperties) = preSolution
		HideSolutionNode = FALSE
	EndGlobalSection
	GlobalSection(ExtensibilityGlobals) = postSolution
		SolutionGuid = {B5C673A5-E557-4935-930D-16C5F962F322}
	EndGlobalSection
EndGlobal
